
Microsoft Visual Studio Solution File, Format Version 12.00
# Visual Studio 15
VisualStudioVersion = 15.0.28307.1000
MinimumVisualStudioVersion = 10.0.40219.1
Project("{FAE04EC0-301F-11D3-BF4B-00C04F79EFBC}") = "MaLibrairieForme", "MaLibrairieForme\MaLibrairieForme.csproj", "{FC912861-7D1A-4FF9-815A-BE20CBDCE292}"
EndProject
Project("{FAE04EC0-301F-11D3-BF4B-00C04F79EFBC}") = "Labo1", "Labo1\Labo1.csproj", "{32269378-00C1-476D-B5E2-337D744F0923}"
EndProject
Project("{FAE04EC0-301F-11D3-BF4B-00C04F79EFBC}") = "MathUtil", "MathUtil\MathUtil.csproj", "{4BA51026-8B98-45DE-BA57-6CA2273D1952}"
EndProject
Project("{FAE04EC0-301F-11D3-BF4B-00C04F79EFBC}") = "UnitTestProject1", "UnitTestProject1\UnitTestProject1.csproj", "{EF92AEB3-ABAB-4802-BF3F-74943589A2D6}"
EndProject
Global
	GlobalSection(SolutionConfigurationPlatforms) = preSolution
		Debug|Any CPU = Debug|Any CPU
		Release|Any CPU = Release|Any CPU
	EndGlobalSection
	GlobalSection(ProjectConfigurationPlatforms) = postSolution
		{FC912861-7D1A-4FF9-815A-BE20CBDCE292}.Debug|Any CPU.ActiveCfg = Debug|Any CPU
		{FC912861-7D1A-4FF9-815A-BE20CBDCE292}.Debug|Any CPU.Build.0 = Debug|Any CPU
		{FC912861-7D1A-4FF9-815A-BE20CBDCE292}.Release|Any CPU.ActiveCfg = Release|Any CPU
		{FC912861-7D1A-4FF9-815A-BE20CBDCE292}.Release|Any CPU.Build.0 = Release|Any CPU
		{32269378-00C1-476D-B5E2-337D744F0923}.Debug|Any CPU.ActiveCfg = Debug|Any CPU
		{32269378-00C1-476D-B5E2-337D744F0923}.Debug|Any CPU.Build.0 = Debug|Any CPU
		{32269378-00C1-476D-B5E2-337D744F0923}.Release|Any CPU.ActiveCfg = Release|Any CPU
		{32269378-00C1-476D-B5E2-337D744F0923}.Release|Any CPU.Build.0 = Release|Any CPU
		{4BA51026-8B98-45DE-BA57-6CA2273D1952}.Debug|Any CPU.ActiveCfg = Debug|Any CPU
		{4BA51026-8B98-45DE-BA57-6CA2273D1952}.Debug|Any CPU.Build.0 = Debug|Any CPU
		{4BA51026-8B98-45DE-BA57-6CA2273D1952}.Release|Any CPU.ActiveCfg = Release|Any CPU
		{4BA51026-8B98-45DE-BA57-6CA2273D1952}.Release|Any CPU.Build.0 = Release|Any CPU
		{EF92AEB3-ABAB-4802-BF3F-74943589A2D6}.Debug|Any CPU.ActiveCfg = Debug|Any CPU
		{EF92AEB3-ABAB-4802-BF3F-74943589A2D6}.Debug|Any CPU.Build.0 = Debug|Any CPU
		{EF92AEB3-ABAB-4802-BF3F-74943589A2D6}.Release|Any CPU.ActiveCfg = Release|Any CPU
		{EF92AEB3-ABAB-4802-BF3F-74943589A2D6}.Release|Any CPU.Build.0 = Release|Any CPU
	EndGlobalSection
	GlobalSection(SolutionProperties) = preSolution
		HideSolutionNode = FALSE
	EndGlobalSection
	GlobalSection(ExtensibilityGlobals) = postSolution
		SolutionGuid = {565D916F-B941-4581-B21C-356A686028CD}
	EndGlobalSection
EndGlobal
